// !$*UTF8*$!
{
	archiveVersion = 1;
	classes = {
	};
	objectVersion = 46;
	objects = {

/* Begin PBXBuildFile section */
		00A14E351432F65A005D3522 /* AssetsLibrary.framework in Frameworks */ = {isa = PBXBuildFile; fileRef = 00A14E341432F65A005D3522 /* AssetsLibrary.framework */; };
		00E8C05214317DBB005CDFA4 /* LastViewController.m in Sources */ = {isa = PBXBuildFile; fileRef = 00E8C05114317DBB005CDFA4 /* LastViewController.m */; };
		00E8C055143189F6005CDFA4 /* HiJack.png in Resources */ = {isa = PBXBuildFile; fileRef = 00E8C054143189F6005CDFA4 /* HiJack.png */; };
		00E8C05914319263005CDFA4 /* kristen_lucas.jpg in Resources */ = {isa = PBXBuildFile; fileRef = 00E8C05814319263005CDFA4 /* kristen_lucas.jpg */; };
		00E8C05B143193C1005CDFA4 /* kristen_spill.jpg in Resources */ = {isa = PBXBuildFile; fileRef = 00E8C05A143193C1005CDFA4 /* kristen_spill.jpg */; };
		00E8C05D1431949C005CDFA4 /* blue_tounge.jpg in Resources */ = {isa = PBXBuildFile; fileRef = 00E8C05C1431949C005CDFA4 /* blue_tounge.jpg */; };
		00E8C05F14319D25005CDFA4 /* wedding.jpg in Resources */ = {isa = PBXBuildFile; fileRef = 00E8C05E14319D25005CDFA4 /* wedding.jpg */; };
		00EF680B14425B8600014A19 /* AudioToolbox.framework in Frameworks */ = {isa = PBXBuildFile; fileRef = 00C4009E1435753F0052270A /* AudioToolbox.framework */; };
		00F85254142D98860005277F /* 5402699783_087b67f9d7_b.jpg in Resources */ = {isa = PBXBuildFile; fileRef = 00F85252142D98860005277F /* 5402699783_087b67f9d7_b.jpg */; };
		00F85255142D98860005277F /* 5698322742_9dbdbfac51_b.jpg in Resources */ = {isa = PBXBuildFile; fileRef = 00F85253142D98860005277F /* 5698322742_9dbdbfac51_b.jpg */; };
		00F85258142F7FAC0005277F /* Reason.m in Sources */ = {isa = PBXBuildFile; fileRef = 00F85257142F7FAC0005277F /* Reason.m */; };
		00F8525B142F8CA10005277F /* IMG_2951.jpg in Resources */ = {isa = PBXBuildFile; fileRef = 00F85259142F8CA10005277F /* IMG_2951.jpg */; };
		00F8525E142F91B50005277F /* IMG_2915.jpg in Resources */ = {isa = PBXBuildFile; fileRef = 00F8525D142F91B50005277F /* IMG_2915.jpg */; };
		00F85266142FBC6F0005277F /* Icon-72.png in Resources */ = {isa = PBXBuildFile; fileRef = 00F85265142FBC6F0005277F /* Icon-72.png */; };
		00F85268142FBFD60005277F /* SandWritten.jpg in Resources */ = {isa = PBXBuildFile; fileRef = 00F85267142FBFD60005277F /* SandWritten.jpg */; };
		00F8526C142FC39B0005277F /* Default.png in Resources */ = {isa = PBXBuildFile; fileRef = 00F8526B142FC39B0005277F /* Default.png */; };
		00F8526E142FCE0D0005277F /* 01-jack_johnson-better_together.mp3 in Resources */ = {isa = PBXBuildFile; fileRef = 00F8526D142FCE0D0005277F /* 01-jack_johnson-better_together.mp3 */; };
		00F85271142FD9040005277F /* RootViewControler.m in Sources */ = {isa = PBXBuildFile; fileRef = 00F85270142FD9040005277F /* RootViewControler.m */; };
		00F85273142FDBA00005277F /* AVFoundation.framework in Frameworks */ = {isa = PBXBuildFile; fileRef = 00F85272142FDBA00005277F /* AVFoundation.framework */; };
		00F85275142FDFBA0005277F /* Icon-72.png in Resources */ = {isa = PBXBuildFile; fileRef = 00F85274142FDFBA0005277F /* Icon-72.png */; };
		00FA7A71142FE2460007EE23 /* bg.png in Resources */ = {isa = PBXBuildFile; fileRef = 00FA7A70142FE2460007EE23 /* bg.png */; };
		00FA7A73142FEC440007EE23 /* moxie_logo.png in Resources */ = {isa = PBXBuildFile; fileRef = 00FA7A72142FEC430007EE23 /* moxie_logo.png */; };
		00FA7A7614304D3D0007EE23 /* StrokedLabel.m in Sources */ = {isa = PBXBuildFile; fileRef = 00FA7A7514304D3D0007EE23 /* StrokedLabel.m */; };
		00FA7A78143055DF0007EE23 /* sperm_arrow.png in Resources */ = {isa = PBXBuildFile; fileRef = 00FA7A77143055DF0007EE23 /* sperm_arrow.png */; };
		6F01AC7F142D2AC100985A14 /* UIKit.framework in Frameworks */ = {isa = PBXBuildFile; fileRef = 6F01AC7E142D2AC100985A14 /* UIKit.framework */; };
		6F01AC81142D2AC100985A14 /* Foundation.framework in Frameworks */ = {isa = PBXBuildFile; fileRef = 6F01AC80142D2AC100985A14 /* Foundation.framework */; };
		6F01AC83142D2AC100985A14 /* CoreGraphics.framework in Frameworks */ = {isa = PBXBuildFile; fileRef = 6F01AC82142D2AC100985A14 /* CoreGraphics.framework */; };
		6F01AC89142D2AC100985A14 /* InfoPlist.strings in Resources */ = {isa = PBXBuildFile; fileRef = 6F01AC87142D2AC100985A14 /* InfoPlist.strings */; };
		6F01AC8B142D2AC100985A14 /* main.m in Sources */ = {isa = PBXBuildFile; fileRef = 6F01AC8A142D2AC100985A14 /* main.m */; };
		6F01AC8F142D2AC100985A14 /* AppDelegate.m in Sources */ = {isa = PBXBuildFile; fileRef = 6F01AC8E142D2AC100985A14 /* AppDelegate.m */; };
		6F01AC97142D2B5B00985A14 /* QuestionViewController.m in Sources */ = {isa = PBXBuildFile; fileRef = 6F01AC96142D2B5B00985A14 /* QuestionViewController.m */; };
/* End PBXBuildFile section */

/* Begin PBXFileReference section */
		00A14E341432F65A005D3522 /* AssetsLibrary.framework */ = {isa = PBXFileReference; lastKnownFileType = wrapper.framework; name = AssetsLibrary.framework; path = System/Library/Frameworks/AssetsLibrary.framework; sourceTree = SDKROOT; };
		00C40099143574AB0052270A /* CoreAudio.framework */ = {isa = PBXFileReference; lastKnownFileType = wrapper.framework; name = CoreAudio.framework; path = System/Library/Frameworks/CoreAudio.framework; sourceTree = SDKROOT; };
		00C4009C143574E20052270A /* AudioUnit.framework */ = {isa = PBXFileReference; lastKnownFileType = wrapper.framework; name = AudioUnit.framework; path = System/Library/Frameworks/AudioUnit.framework; sourceTree = SDKROOT; };
		00C4009E1435753F0052270A /* AudioToolbox.framework */ = {isa = PBXFileReference; lastKnownFileType = wrapper.framework; name = AudioToolbox.framework; path = System/Library/Frameworks/AudioToolbox.framework; sourceTree = SDKROOT; };
		00E8C05014317DBB005CDFA4 /* LastViewController.h */ = {isa = PBXFileReference; fileEncoding = 4; lastKnownFileType = sourcecode.c.h; path = LastViewController.h; sourceTree = "<group>"; };
		00E8C05114317DBB005CDFA4 /* LastViewController.m */ = {isa = PBXFileReference; fileEncoding = 4; lastKnownFileType = sourcecode.c.objc; path = LastViewController.m; sourceTree = "<group>"; };
		00E8C054143189F6005CDFA4 /* HiJack.png */ = {isa = PBXFileReference; lastKnownFileType = image.png; path = HiJack.png; sourceTree = "<group>"; };
		00E8C05814319263005CDFA4 /* kristen_lucas.jpg */ = {isa = PBXFileReference; lastKnownFileType = image.jpeg; path = kristen_lucas.jpg; sourceTree = "<group>"; };
		00E8C05A143193C1005CDFA4 /* kristen_spill.jpg */ = {isa = PBXFileReference; lastKnownFileType = image.jpeg; path = kristen_spill.jpg; sourceTree = "<group>"; };
		00E8C05C1431949C005CDFA4 /* blue_tounge.jpg */ = {isa = PBXFileReference; lastKnownFileType = image.jpeg; path = blue_tounge.jpg; sourceTree = "<group>"; };
		00E8C05E14319D25005CDFA4 /* wedding.jpg */ = {isa = PBXFileReference; lastKnownFileType = image.jpeg; path = wedding.jpg; sourceTree = "<group>"; };
		00F85252142D98860005277F /* 5402699783_087b67f9d7_b.jpg */ = {isa = PBXFileReference; lastKnownFileType = image.jpeg; path = 5402699783_087b67f9d7_b.jpg; sourceTree = "<group>"; };
		00F85253142D98860005277F /* 5698322742_9dbdbfac51_b.jpg */ = {isa = PBXFileReference; lastKnownFileType = image.jpeg; path = 5698322742_9dbdbfac51_b.jpg; sourceTree = "<group>"; };
		00F85256142F7FAC0005277F /* Reason.h */ = {isa = PBXFileReference; fileEncoding = 4; lastKnownFileType = sourcecode.c.h; path = Reason.h; sourceTree = "<group>"; };
		00F85257142F7FAC0005277F /* Reason.m */ = {isa = PBXFileReference; fileEncoding = 4; lastKnownFileType = sourcecode.c.objc; path = Reason.m; sourceTree = "<group>"; };
		00F85259142F8CA10005277F /* IMG_2951.jpg */ = {isa = PBXFileReference; lastKnownFileType = image.jpeg; path = IMG_2951.jpg; sourceTree = "<group>"; };
		00F8525D142F91B50005277F /* IMG_2915.jpg */ = {isa = PBXFileReference; lastKnownFileType = image.jpeg; path = IMG_2915.jpg; sourceTree = "<group>"; };
		00F85265142FBC6F0005277F /* Icon-72.png */ = {isa = PBXFileReference; lastKnownFileType = image.png; path = "Icon-72.png"; sourceTree = "<group>"; };
		00F85267142FBFD60005277F /* SandWritten.jpg */ = {isa = PBXFileReference; lastKnownFileType = image.jpeg; path = SandWritten.jpg; sourceTree = "<group>"; };
		00F8526B142FC39B0005277F /* Default.png */ = {isa = PBXFileReference; lastKnownFileType = image.png; path = Default.png; sourceTree = "<group>"; };
		00F8526D142FCE0D0005277F /* 01-jack_johnson-better_together.mp3 */ = {isa = PBXFileReference; lastKnownFileType = audio.mp3; path = "01-jack_johnson-better_together.mp3"; sourceTree = "<group>"; };
		00F8526F142FD9040005277F /* RootViewControler.h */ = {isa = PBXFileReference; fileEncoding = 4; lastKnownFileType = sourcecode.c.h; path = RootViewControler.h; sourceTree = "<group>"; };
		00F85270142FD9040005277F /* RootViewControler.m */ = {isa = PBXFileReference; fileEncoding = 4; lastKnownFileType = sourcecode.c.objc; path = RootViewControler.m; sourceTree = "<group>"; };
		00F85272142FDBA00005277F /* AVFoundation.framework */ = {isa = PBXFileReference; lastKnownFileType = wrapper.framework; name = AVFoundation.framework; path = System/Library/Frameworks/AVFoundation.framework; sourceTree = SDKROOT; };
		00F85274142FDFBA0005277F /* Icon-72.png */ = {isa = PBXFileReference; lastKnownFileType = image.png; path = "Icon-72.png"; sourceTree = "<group>"; };
		00FA7A70142FE2460007EE23 /* bg.png */ = {isa = PBXFileReference; lastKnownFileType = image.png; path = bg.png; sourceTree = "<group>"; };
		00FA7A72142FEC430007EE23 /* moxie_logo.png */ = {isa = PBXFileReference; lastKnownFileType = image.png; path = moxie_logo.png; sourceTree = "<group>"; };
		00FA7A7414304D3D0007EE23 /* StrokedLabel.h */ = {isa = PBXFileReference; fileEncoding = 4; lastKnownFileType = sourcecode.c.h; path = StrokedLabel.h; sourceTree = "<group>"; };
		00FA7A7514304D3D0007EE23 /* StrokedLabel.m */ = {isa = PBXFileReference; fileEncoding = 4; lastKnownFileType = sourcecode.c.objc; path = StrokedLabel.m; sourceTree = "<group>"; };
		00FA7A77143055DF0007EE23 /* sperm_arrow.png */ = {isa = PBXFileReference; lastKnownFileType = image.png; path = sperm_arrow.png; sourceTree = "<group>"; };
		6F01AC7A142D2AC100985A14 /* Moxie.app */ = {isa = PBXFileReference; explicitFileType = wrapper.application; includeInIndex = 0; path = Moxie.app; sourceTree = BUILT_PRODUCTS_DIR; };
		6F01AC7E142D2AC100985A14 /* UIKit.framework */ = {isa = PBXFileReference; lastKnownFileType = wrapper.framework; name = UIKit.framework; path = System/Library/Frameworks/UIKit.framework; sourceTree = SDKROOT; };
		6F01AC80142D2AC100985A14 /* Foundation.framework */ = {isa = PBXFileReference; lastKnownFileType = wrapper.framework; name = Foundation.framework; path = System/Library/Frameworks/Foundation.framework; sourceTree = SDKROOT; };
		6F01AC82142D2AC100985A14 /* CoreGraphics.framework */ = {isa = PBXFileReference; lastKnownFileType = wrapper.framework; name = CoreGraphics.framework; path = System/Library/Frameworks/CoreGraphics.framework; sourceTree = SDKROOT; };
		6F01AC86142D2AC100985A14 /* Moxie-Info.plist */ = {isa = PBXFileReference; lastKnownFileType = text.plist.xml; path = "Moxie-Info.plist"; sourceTree = "<group>"; };
		6F01AC88142D2AC100985A14 /* en */ = {isa = PBXFileReference; lastKnownFileType = text.plist.strings; name = en; path = en.lproj/InfoPlist.strings; sourceTree = "<group>"; };
		6F01AC8A142D2AC100985A14 /* main.m */ = {isa = PBXFileReference; lastKnownFileType = sourcecode.c.objc; path = main.m; sourceTree = "<group>"; };
		6F01AC8C142D2AC100985A14 /* Moxie-Prefix.pch */ = {isa = PBXFileReference; lastKnownFileType = sourcecode.c.h; path = "Moxie-Prefix.pch"; sourceTree = "<group>"; };
		6F01AC8D142D2AC100985A14 /* AppDelegate.h */ = {isa = PBXFileReference; lastKnownFileType = sourcecode.c.h; path = AppDelegate.h; sourceTree = "<group>"; };
		6F01AC8E142D2AC100985A14 /* AppDelegate.m */ = {isa = PBXFileReference; lastKnownFileType = sourcecode.c.objc; path = AppDelegate.m; sourceTree = "<group>"; };
		6F01AC95142D2B5B00985A14 /* QuestionViewController.h */ = {isa = PBXFileReference; fileEncoding = 4; lastKnownFileType = sourcecode.c.h; path = QuestionViewController.h; sourceTree = "<group>"; };
		6F01AC96142D2B5B00985A14 /* QuestionViewController.m */ = {isa = PBXFileReference; fileEncoding = 4; lastKnownFileType = sourcecode.c.objc; path = QuestionViewController.m; sourceTree = "<group>"; };
/* End PBXFileReference section */

/* Begin PBXFrameworksBuildPhase section */
		6F01AC77142D2AC100985A14 /* Frameworks */ = {
			isa = PBXFrameworksBuildPhase;
			buildActionMask = 2147483647;
			files = (
				00EF680B14425B8600014A19 /* AudioToolbox.framework in Frameworks */,
				00A14E351432F65A005D3522 /* AssetsLibrary.framework in Frameworks */,
				00F85273142FDBA00005277F /* AVFoundation.framework in Frameworks */,
				6F01AC7F142D2AC100985A14 /* UIKit.framework in Frameworks */,
				6F01AC81142D2AC100985A14 /* Foundation.framework in Frameworks */,
				6F01AC83142D2AC100985A14 /* CoreGraphics.framework in Frameworks */,
			);
			runOnlyForDeploymentPostprocessing = 0;
		};
/* End PBXFrameworksBuildPhase section */

/* Begin PBXGroup section */
		6F01AC6F142D2AC100985A14 = {
			isa = PBXGroup;
			children = (
				00C4009E1435753F0052270A /* AudioToolbox.framework */,
				00C4009C143574E20052270A /* AudioUnit.framework */,
				00C40099143574AB0052270A /* CoreAudio.framework */,
				00A14E341432F65A005D3522 /* AssetsLibrary.framework */,
				00F85274142FDFBA0005277F /* Icon-72.png */,
				00F85272142FDBA00005277F /* AVFoundation.framework */,
				6F01AC84142D2AC100985A14 /* Moxie */,
				6F01AC7D142D2AC100985A14 /* Frameworks */,
				6F01AC7B142D2AC100985A14 /* Products */,
			);
			sourceTree = "<group>";
		};
		6F01AC7B142D2AC100985A14 /* Products */ = {
			isa = PBXGroup;
			children = (
				6F01AC7A142D2AC100985A14 /* Moxie.app */,
			);
			name = Products;
			sourceTree = "<group>";
		};
		6F01AC7D142D2AC100985A14 /* Frameworks */ = {
			isa = PBXGroup;
			children = (
				6F01AC7E142D2AC100985A14 /* UIKit.framework */,
				6F01AC80142D2AC100985A14 /* Foundation.framework */,
				6F01AC82142D2AC100985A14 /* CoreGraphics.framework */,
			);
			name = Frameworks;
			sourceTree = "<group>";
		};
		6F01AC84142D2AC100985A14 /* Moxie */ = {
			isa = PBXGroup;
			children = (
				00E8C05E14319D25005CDFA4 /* wedding.jpg */,
				00E8C05C1431949C005CDFA4 /* blue_tounge.jpg */,
				00E8C05A143193C1005CDFA4 /* kristen_spill.jpg */,
				00E8C05814319263005CDFA4 /* kristen_lucas.jpg */,
				00E8C054143189F6005CDFA4 /* HiJack.png */,
				00FA7A77143055DF0007EE23 /* sperm_arrow.png */,
				00FA7A72142FEC430007EE23 /* moxie_logo.png */,
				00FA7A70142FE2460007EE23 /* bg.png */,
				00F85253142D98860005277F /* 5698322742_9dbdbfac51_b.jpg */,
				00F8526D142FCE0D0005277F /* 01-jack_johnson-better_together.mp3 */,
				00F85267142FBFD60005277F /* SandWritten.jpg */,
				00F8526B142FC39B0005277F /* Default.png */,
				00F85265142FBC6F0005277F /* Icon-72.png */,
				00F8525D142F91B50005277F /* IMG_2915.jpg */,
				00F85259142F8CA10005277F /* IMG_2951.jpg */,
				00F85252142D98860005277F /* 5402699783_087b67f9d7_b.jpg */,
				6F01AC8D142D2AC100985A14 /* AppDelegate.h */,
				6F01AC8E142D2AC100985A14 /* AppDelegate.m */,
				6F01AC85142D2AC100985A14 /* Supporting Files */,
				6F01AC95142D2B5B00985A14 /* QuestionViewController.h */,
				6F01AC96142D2B5B00985A14 /* QuestionViewController.m */,
				00F85256142F7FAC0005277F /* Reason.h */,
				00F85257142F7FAC0005277F /* Reason.m */,
				00F8526F142FD9040005277F /* RootViewControler.h */,
				00F85270142FD9040005277F /* RootViewControler.m */,
				00FA7A7414304D3D0007EE23 /* StrokedLabel.h */,
				00FA7A7514304D3D0007EE23 /* StrokedLabel.m */,
				00E8C05014317DBB005CDFA4 /* LastViewController.h */,
				00E8C05114317DBB005CDFA4 /* LastViewController.m */,
			);
			path = Moxie;
			sourceTree = "<group>";
		};
		6F01AC85142D2AC100985A14 /* Supporting Files */ = {
			isa = PBXGroup;
			children = (
				6F01AC86142D2AC100985A14 /* Moxie-Info.plist */,
				6F01AC87142D2AC100985A14 /* InfoPlist.strings */,
				6F01AC8A142D2AC100985A14 /* main.m */,
				6F01AC8C142D2AC100985A14 /* Moxie-Prefix.pch */,
			);
			name = "Supporting Files";
			sourceTree = "<group>";
		};
/* End PBXGroup section */

/* Begin PBXNativeTarget section */
		6F01AC79142D2AC100985A14 /* Moxie */ = {
			isa = PBXNativeTarget;
			buildConfigurationList = 6F01AC92142D2AC100985A14 /* Build configuration list for PBXNativeTarget "Moxie" */;
			buildPhases = (
				6F01AC76142D2AC100985A14 /* Sources */,
				6F01AC77142D2AC100985A14 /* Frameworks */,
				6F01AC78142D2AC100985A14 /* Resources */,
			);
			buildRules = (
			);
			dependencies = (
			);
			name = Moxie;
			productName = Moxie;
			productReference = 6F01AC7A142D2AC100985A14 /* Moxie.app */;
			productType = "com.apple.product-type.application";
		};
/* End PBXNativeTarget section */

/* Begin PBXProject section */
		6F01AC71142D2AC100985A14 /* Project object */ = {
			isa = PBXProject;
			attributes = {
				LastUpgradeCheck = 0420;
			};
			buildConfigurationList = 6F01AC74142D2AC100985A14 /* Build configuration list for PBXProject "Moxie" */;
			compatibilityVersion = "Xcode 3.2";
			developmentRegion = English;
			hasScannedForEncodings = 0;
			knownRegions = (
				en,
			);
			mainGroup = 6F01AC6F142D2AC100985A14;
			productRefGroup = 6F01AC7B142D2AC100985A14 /* Products */;
			projectDirPath = "";
			projectRoot = "";
			targets = (
				6F01AC79142D2AC100985A14 /* Moxie */,
			);
		};
/* End PBXProject section */

/* Begin PBXResourcesBuildPhase section */
		6F01AC78142D2AC100985A14 /* Resources */ = {
			isa = PBXResourcesBuildPhase;
			buildActionMask = 2147483647;
			files = (
				6F01AC89142D2AC100985A14 /* InfoPlist.strings in Resources */,
				00F85254142D98860005277F /* 5402699783_087b67f9d7_b.jpg in Resources */,
				00F85255142D98860005277F /* 5698322742_9dbdbfac51_b.jpg in Resources */,
				00F8525B142F8CA10005277F /* IMG_2951.jpg in Resources */,
				00F8525E142F91B50005277F /* IMG_2915.jpg in Resources */,
				00F85266142FBC6F0005277F /* Icon-72.png in Resources */,
				00F85268142FBFD60005277F /* SandWritten.jpg in Resources */,
				00F8526C142FC39B0005277F /* Default.png in Resources */,
				00F8526E142FCE0D0005277F /* 01-jack_johnson-better_together.mp3 in Resources */,
				00F85275142FDFBA0005277F /* Icon-72.png in Resources */,
				00FA7A71142FE2460007EE23 /* bg.png in Resources */,
				00FA7A73142FEC440007EE23 /* moxie_logo.png in Resources */,
				00FA7A78143055DF0007EE23 /* sperm_arrow.png in Resources */,
				00E8C055143189F6005CDFA4 /* HiJack.png in Resources */,
				00E8C05914319263005CDFA4 /* kristen_lucas.jpg in Resources */,
				00E8C05B143193C1005CDFA4 /* kristen_spill.jpg in Resources */,
				00E8C05D1431949C005CDFA4 /* blue_tounge.jpg in Resources */,
				00E8C05F14319D25005CDFA4 /* wedding.jpg in Resources */,
			);
			runOnlyForDeploymentPostprocessing = 0;
		};
/* End PBXResourcesBuildPhase section */

/* Begin PBXSourcesBuildPhase section */
		6F01AC76142D2AC100985A14 /* Sources */ = {
			isa = PBXSourcesBuildPhase;
			buildActionMask = 2147483647;
			files = (
				6F01AC8B142D2AC100985A14 /* main.m in Sources */,
				6F01AC8F142D2AC100985A14 /* AppDelegate.m in Sources */,
				6F01AC97142D2B5B00985A14 /* QuestionViewController.m in Sources */,
				00F85258142F7FAC0005277F /* Reason.m in Sources */,
				00F85271142FD9040005277F /* RootViewControler.m in Sources */,
				00FA7A7614304D3D0007EE23 /* StrokedLabel.m in Sources */,
				00E8C05214317DBB005CDFA4 /* LastViewController.m in Sources */,
			);
			runOnlyForDeploymentPostprocessing = 0;
		};
/* End PBXSourcesBuildPhase section */

/* Begin PBXVariantGroup section */
		6F01AC87142D2AC100985A14 /* InfoPlist.strings */ = {
			isa = PBXVariantGroup;
			children = (
				6F01AC88142D2AC100985A14 /* en */,
			);
			name = InfoPlist.strings;
			sourceTree = "<group>";
		};
/* End PBXVariantGroup section */

/* Begin XCBuildConfiguration section */
		6F01AC90142D2AC100985A14 /* Debug */ = {
			isa = XCBuildConfiguration;
			buildSettings = {
				ALWAYS_SEARCH_USER_PATHS = NO;
				ARCHS = "$(ARCHS_STANDARD_32_BIT)";
				"CODE_SIGN_IDENTITY[sdk=iphoneos*]" = "iPhone Developer";
				COPY_PHASE_STRIP = NO;
				GCC_C_LANGUAGE_STANDARD = gnu99;
				GCC_DYNAMIC_NO_PIC = NO;
				GCC_OPTIMIZATION_LEVEL = 0;
				GCC_PREPROCESSOR_DEFINITIONS = (
					"DEBUG=1",
					"$(inherited)",
				);
				GCC_SYMBOLS_PRIVATE_EXTERN = NO;
				GCC_VERSION = com.apple.compilers.llvm.clang.1_0;
				GCC_WARN_ABOUT_MISSING_PROTOTYPES = YES;
				GCC_WARN_ABOUT_RETURN_TYPE = YES;
				GCC_WARN_UNUSED_VARIABLE = YES;
				IPHONEOS_DEPLOYMENT_TARGET = 5.0;
				SDKROOT = iphoneos;
				TARGETED_DEVICE_FAMILY = 2;
			};
			name = Debug;
		};
		6F01AC91142D2AC100985A14 /* Release */ = {
			isa = XCBuildConfiguration;
			buildSettings = {
				ALWAYS_SEARCH_USER_PATHS = NO;
				ARCHS = "$(ARCHS_STANDARD_32_BIT)";
				"CODE_SIGN_IDENTITY[sdk=iphoneos*]" = "iPhone Developer";
				COPY_PHASE_STRIP = YES;
				GCC_C_LANGUAGE_STANDARD = gnu99;
				GCC_VERSION = com.apple.compilers.llvm.clang.1_0;
				GCC_WARN_ABOUT_MISSING_PROTOTYPES = YES;
				GCC_WARN_ABOUT_RETURN_TYPE = YES;
				GCC_WARN_UNUSED_VARIABLE = YES;
				IPHONEOS_DEPLOYMENT_TARGET = 5.0;
				OTHER_CFLAGS = "-DNS_BLOCK_ASSERTIONS=1";
				SDKROOT = iphoneos;
				TARGETED_DEVICE_FAMILY = 2;
				VALIDATE_PRODUCT = YES;
			};
			name = Release;
		};
		6F01AC93142D2AC100985A14 /* Debug */ = {
			isa = XCBuildConfiguration;
			buildSettings = {
				GCC_PRECOMPILE_PREFIX_HEADER = YES;
				GCC_PREFIX_HEADER = "Moxie/Moxie-Prefix.pch";
				INFOPLIST_FILE = "Moxie/Moxie-Info.plist";
				IPHONEOS_DEPLOYMENT_TARGET = 4.3;
				PRODUCT_NAME = "$(TARGET_NAME)";
				WRAPPER_EXTENSION = app;
			};
			name = Debug;
		};
		6F01AC94142D2AC100985A14 /* Release */ = {
			isa = XCBuildConfiguration;
			buildSettings = {
				GCC_PRECOMPILE_PREFIX_HEADER = YES;
				GCC_PREFIX_HEADER = "Moxie/Moxie-Prefix.pch";
				INFOPLIST_FILE = "Moxie/Moxie-Info.plist";
				IPHONEOS_DEPLOYMENT_TARGET = 4.3;
				PRODUCT_NAME = "$(TARGET_NAME)";
				WRAPPER_EXTENSION = app;
			};
			name = Release;
		};
/* End XCBuildConfiguration section */

/* Begin XCConfigurationList section */
		6F01AC74142D2AC100985A14 /* Build configuration list for PBXProject "Moxie" */ = {
			isa = XCConfigurationList;
			buildConfigurations = (
				6F01AC90142D2AC100985A14 /* Debug */,
				6F01AC91142D2AC100985A14 /* Release */,
			);
			defaultConfigurationIsVisible = 0;
			defaultConfigurationName = Release;
		};
		6F01AC92142D2AC100985A14 /* Build configuration list for PBXNativeTarget "Moxie" */ = {
			isa = XCConfigurationList;
			buildConfigurations = (
				6F01AC93142D2AC100985A14 /* Debug */,
				6F01AC94142D2AC100985A14 /* Release */,
			);
			defaultConfigurationIsVisible = 0;
			defaultConfigurationName = Release;
		};
/* End XCConfigurationList section */
	};
	rootObject = 6F01AC71142D2AC100985A14 /* Project object */;
}
